
Microsoft Visual Studio Solution File, Format Version 12.00
# Visual Studio Version 17
VisualStudioVersion = 17.7.34031.279
MinimumVisualStudioVersion = 10.0.40219.1
Project("{FAE04EC0-301F-11D3-BF4B-00C04F79EFBC}") = "PickRandomCards", "PickRandomCards.csproj", "{176CDBF8-E357-4AA6-B9A3-C4B62A5C8F3E}"
EndProject
Global
	GlobalSection(SolutionConfigurationPlatforms) = preSolution
		Debug|Any CPU = Debug|Any CPU
		Release|Any CPU = Release|Any CPU
	EndGlobalSection
	GlobalSection(ProjectConfigurationPlatforms) = postSolution
		{176CDBF8-E357-4AA6-B9A3-C4B62A5C8F3E}.Debug|Any CPU.ActiveCfg = Debug|Any CPU
		{176CDBF8-E357-4AA6-B9A3-C4B62A5C8F3E}.Debug|Any CPU.Build.0 = Debug|Any CPU
		{176CDBF8-E357-4AA6-B9A3-C4B62A5C8F3E}.Release|Any CPU.ActiveCfg = Release|Any CPU
		{176CDBF8-E357-4AA6-B9A3-C4B62A5C8F3E}.Release|Any CPU.Build.0 = Release|Any CPU
	EndGlobalSection
	GlobalSection(SolutionProperties) = preSolution
		HideSolutionNode = FALSE
	EndGlobalSection
	GlobalSection(ExtensibilityGlobals) = postSolution
		SolutionGuid = {69E2AF2F-0EFD-403B-A76A-7556CE7D1589}
	EndGlobalSection
EndGlobal
